
Microsoft Visual Studio Solution File, Format Version 12.00
# Visual Studio Version 17
VisualStudioVersion = 17.11.35327.3
MinimumVisualStudioVersion = 10.0.40219.1
Project("{FAE04EC0-301F-11D3-BF4B-00C04F79EFBC}") = "Assignment9org", "Assignment9org.csproj", "{BC08F3F7-DAE3-4FDC-83A0-E33636413C50}"
EndProject
Global
	GlobalSection(SolutionConfigurationPlatforms) = preSolution
		Debug|Any CPU = Debug|Any CPU
		Release|Any CPU = Release|Any CPU
	EndGlobalSection
	GlobalSection(ProjectConfigurationPlatforms) = postSolution
		{BC08F3F7-DAE3-4FDC-83A0-E33636413C50}.Debug|Any CPU.ActiveCfg = Debug|Any CPU
		{BC08F3F7-DAE3-4FDC-83A0-E33636413C50}.Debug|Any CPU.Build.0 = Debug|Any CPU
		{BC08F3F7-DAE3-4FDC-83A0-E33636413C50}.Release|Any CPU.ActiveCfg = Release|Any CPU
		{BC08F3F7-DAE3-4FDC-83A0-E33636413C50}.Release|Any CPU.Build.0 = Release|Any CPU
	EndGlobalSection
	GlobalSection(SolutionProperties) = preSolution
		HideSolutionNode = FALSE
	EndGlobalSection
	GlobalSection(ExtensibilityGlobals) = postSolution
		SolutionGuid = {C9F4EB1E-8B7E-4068-AE32-1561F8281B9A}
	EndGlobalSection
EndGlobal
