
Microsoft Visual Studio Solution File, Format Version 12.00
# Visual Studio Version 17
VisualStudioVersion = 17.11.35327.3
MinimumVisualStudioVersion = 10.0.40219.1
Project("{FAE04EC0-301F-11D3-BF4B-00C04F79EFBC}") = "Assigment13", "Assigment13.csproj", "{42700A66-EBCE-4DFD-B9B5-1CF5D2F62A07}"
EndProject
Global
	GlobalSection(SolutionConfigurationPlatforms) = preSolution
		Debug|Any CPU = Debug|Any CPU
		Release|Any CPU = Release|Any CPU
	EndGlobalSection
	GlobalSection(ProjectConfigurationPlatforms) = postSolution
		{42700A66-EBCE-4DFD-B9B5-1CF5D2F62A07}.Debug|Any CPU.ActiveCfg = Debug|Any CPU
		{42700A66-EBCE-4DFD-B9B5-1CF5D2F62A07}.Debug|Any CPU.Build.0 = Debug|Any CPU
		{42700A66-EBCE-4DFD-B9B5-1CF5D2F62A07}.Release|Any CPU.ActiveCfg = Release|Any CPU
		{42700A66-EBCE-4DFD-B9B5-1CF5D2F62A07}.Release|Any CPU.Build.0 = Release|Any CPU
	EndGlobalSection
	GlobalSection(SolutionProperties) = preSolution
		HideSolutionNode = FALSE
	EndGlobalSection
	GlobalSection(ExtensibilityGlobals) = postSolution
		SolutionGuid = {AC3740AD-2990-45CF-84E8-6B7A506A8BB9}
	EndGlobalSection
EndGlobal
